github.com/azer/debug v0.0.0-20141116004914-4769e572857f h1:IkL2QaT5GRFy3dyp8h55nDzRxHSI+U3Daw/XfjIytv8=
github.com/azer/debug v0.0.0-20141116004914-4769e572857f/go.mod h1:uf3AOn1NkWZBxtJFgoFSyq4wzYPiWWCPT90SxA7WlRs=
github.com/azer/go-style v0.0.0-20130627093536-14e31c5abbe5 h1:FOqeAzJ7fk+J1KzqCAFPCT9pdarERRZTRC1Xutl5SCo=
github.com/azer/go-style v0.0.0-20130627093536-14e31c5abbe5/go.mod h1:fQMKtDhRbkfcKDI2cZhr2YpZY7pzSfEcC2KAFJWD/F8=
